{
    "name": "hiphop",
    "lockfileVersion": 3,
    "requires": true,
    "packages": {
        "": {
            "dependencies": {
                "bootstrap": "^5.3.3",
                "sass": "^1.76.0"
            },
            "devDependencies": {
                "@prettier/plugin-php": "^0.22.2"
            }
        },
        "node_modules/@popperjs/core": {
            "version": "2.11.8",
            "resolved": "https://registry.npmjs.org/@popperjs/core/-/core-2.11.8.tgz",
            "integrity": "sha512-P1st0aksCrn9sGZhp8GMYwBnQsbvAWsZAX44oXNNvLHGqAOcoVxmjZiohstwQ7SqKnbR47akdNi+uleWD8+g6A==",
            "peer": true,
            "funding": {
                "type": "opencollective",
                "url": "https://opencollective.com/popperjs"
            }
        },
        "node_modules/@prettier/plugin-php": {
            "version": "0.22.2",
            "resolved": "https://registry.npmjs.org/@prettier/plugin-php/-/plugin-php-0.22.2.tgz",
            "integrity": "sha512-md0+7tNbsP0oy+wIP3KZZc6fzx1k1jtWaMjOy/gM8yU9f2BDYEi+iHOc/UNPihYvPI28zFTbjvlhH4QXQjQwNg==",
            "dev": true,
            "dependencies": {
                "linguist-languages": "^7.27.0",
                "php-parser": "^3.1.5"
            },
            "peerDependencies": {
                "prettier": "^3.0.0"
            }
        },
        "node_modules/bootstrap": {
            "version": "5.3.3",
            "resolved": "https://registry.npmjs.org/bootstrap/-/bootstrap-5.3.3.tgz",
            "integrity": "sha512-8HLCdWgyoMguSO9o+aH+iuZ+aht+mzW0u3HIMzVu7Srrpv7EBBxTnrFlSCskwdY1+EOFQSm7uMJhNQHkdPcmjg==",
            "funding": [
                {
                    "type": "github",
                    "url": "https://github.com/sponsors/twbs"
                },
                {
                    "type": "opencollective",
                    "url": "https://opencollective.com/bootstrap"
                }
            ],
            "peerDependencies": {
                "@popperjs/core": "^2.11.8"
            }
        },
        "node_modules/chokidar": {
            "version": "4.0.1",
            "resolved": "https://registry.npmjs.org/chokidar/-/chokidar-4.0.1.tgz",
            "integrity": "sha512-n8enUVCED/KVRQlab1hr3MVpcVMvxtZjmEa956u+4YijlmQED223XMSYj2tLuKvr4jcCTzNNMpQDUer72MMmzA==",
            "dependencies": {
                "readdirp": "^4.0.1"
            },
            "engines": {
                "node": ">= 14.16.0"
            },
            "funding": {
                "url": "https://paulmillr.com/funding/"
            }
        },
        "node_modules/immutable": {
            "version": "4.3.7",
            "resolved": "https://registry.npmjs.org/immutable/-/immutable-4.3.7.tgz",
            "integrity": "sha512-1hqclzwYwjRDFLjcFxOM5AYkkG0rpFPpr1RLPMEuGczoS7YA8gLhy8SWXYRAA/XwfEHpfo3cw5JGioS32fnMRw=="
        },
        "node_modules/linguist-languages": {
            "version": "7.27.0",
            "resolved": "https://registry.npmjs.org/linguist-languages/-/linguist-languages-7.27.0.tgz",
            "integrity": "sha512-Wzx/22c5Jsv2ag+uKy+ITanGA5hzvBZngrNGDXLTC7ZjGM6FLCYGgomauTkxNJeP9of353OM0pWqngYA180xgw==",
            "dev": true
        },
        "node_modules/php-parser": {
            "version": "3.1.5",
            "resolved": "https://registry.npmjs.org/php-parser/-/php-parser-3.1.5.tgz",
            "integrity": "sha512-jEY2DcbgCm5aclzBdfW86GM6VEIWcSlhTBSHN1qhJguVePlYe28GhwS0yoeLYXpM2K8y6wzLwrbq814n2PHSoQ==",
            "dev": true
        },
        "node_modules/prettier": {
            "version": "3.3.3",
            "resolved": "https://registry.npmjs.org/prettier/-/prettier-3.3.3.tgz",
            "integrity": "sha512-i2tDNA0O5IrMO757lfrdQZCc2jPNDVntV0m/+4whiDfWaTKfMNgR7Qz0NAeGz/nRqF4m5/6CLzbP4/liHt12Ew==",
            "dev": true,
            "peer": true,
            "bin": {
                "prettier": "bin/prettier.cjs"
            },
            "engines": {
                "node": ">=14"
            },
            "funding": {
                "url": "https://github.com/prettier/prettier?sponsor=1"
            }
        },
        "node_modules/readdirp": {
            "version": "4.0.1",
            "resolved": "https://registry.npmjs.org/readdirp/-/readdirp-4.0.1.tgz",
            "integrity": "sha512-GkMg9uOTpIWWKbSsgwb5fA4EavTR+SG/PMPoAY8hkhHfEEY0/vqljY+XHqtDf2cr2IJtoNRDbrrEpZUiZCkYRw==",
            "engines": {
                "node": ">= 14.16.0"
            },
            "funding": {
                "type": "individual",
                "url": "https://paulmillr.com/funding/"
            }
        },
        "node_modules/sass": {
            "version": "1.79.4",
            "resolved": "https://registry.npmjs.org/sass/-/sass-1.79.4.tgz",
            "integrity": "sha512-K0QDSNPXgyqO4GZq2HO5Q70TLxTH6cIT59RdoCHMivrC8rqzaTw5ab9prjz9KUN1El4FLXrBXJhik61JR4HcGg==",
            "dependencies": {
                "chokidar": "^4.0.0",
                "immutable": "^4.0.0",
                "source-map-js": ">=0.6.2 <2.0.0"
            },
            "bin": {
                "sass": "sass.js"
            },
            "engines": {
                "node": ">=14.0.0"
            }
        },
        "node_modules/source-map-js": {
            "version": "1.2.1",
            "resolved": "https://registry.npmjs.org/source-map-js/-/source-map-js-1.2.1.tgz",
            "integrity": "sha512-UXWMKhLOwVKb728IUtQPXxfYU+usdybtUrK/8uGE8CQMvrhOpwvzDBwj0QhSL7MQc7vIsISBG8VQ8+IDQxpfQA==",
            "engines": {
                "node": ">=0.10.0"
            }
        }
    }
}
